// !$*UTF8*$!
{
	archiveVersion = 1;
	classes = {
	};
	objectVersion = 50;
	objects = {

/* Begin PBXBuildFile section */
		6A95498426F8D75400F5DF4E /* Facebook_ui_cloneApp.swift in Sources */ = {isa = PBXBuildFile; fileRef = 6A95498326F8D75400F5DF4E /* Facebook_ui_cloneApp.swift */; };
		6A95498626F8D75400F5DF4E /* ContentView.swift in Sources */ = {isa = PBXBuildFile; fileRef = 6A95498526F8D75400F5DF4E /* ContentView.swift */; };
		6A95498826F8D75700F5DF4E /* Assets.xcassets in Resources */ = {isa = PBXBuildFile; fileRef = 6A95498726F8D75700F5DF4E /* Assets.xcassets */; };
		6A95498B26F8D75700F5DF4E /* Preview Assets.xcassets in Resources */ = {isa = PBXBuildFile; fileRef = 6A95498A26F8D75700F5DF4E /* Preview Assets.xcassets */; };
		6A95499426F8F23900F5DF4E /* StorieCard.swift in Sources */ = {isa = PBXBuildFile; fileRef = 6A95499326F8F23900F5DF4E /* StorieCard.swift */; };
		6A95499626F8F35000F5DF4E /* Stories.swift in Sources */ = {isa = PBXBuildFile; fileRef = 6A95499526F8F35000F5DF4E /* Stories.swift */; };
		6A95499826F9067300F5DF4E /* AddStorieRow.swift in Sources */ = {isa = PBXBuildFile; fileRef = 6A95499726F9067300F5DF4E /* AddStorieRow.swift */; };
		6A95499A26F907D600F5DF4E /* Home.swift in Sources */ = {isa = PBXBuildFile; fileRef = 6A95499926F907D600F5DF4E /* Home.swift */; };
		6A95499C26F90BA200F5DF4E /* Header.swift in Sources */ = {isa = PBXBuildFile; fileRef = 6A95499B26F90BA200F5DF4E /* Header.swift */; };
		6A95499E26F90E4500F5DF4E /* AddPostBar.swift in Sources */ = {isa = PBXBuildFile; fileRef = 6A95499D26F90E4400F5DF4E /* AddPostBar.swift */; };
		6A9549A026F91F2900F5DF4E /* PostCard.swift in Sources */ = {isa = PBXBuildFile; fileRef = 6A95499F26F91F2900F5DF4E /* PostCard.swift */; };
/* End PBXBuildFile section */

/* Begin PBXFileReference section */
		6A95498026F8D75400F5DF4E /* Facebook ui clone.app */ = {isa = PBXFileReference; explicitFileType = wrapper.application; includeInIndex = 0; path = "Facebook ui clone.app"; sourceTree = BUILT_PRODUCTS_DIR; };
		6A95498326F8D75400F5DF4E /* Facebook_ui_cloneApp.swift */ = {isa = PBXFileReference; lastKnownFileType = sourcecode.swift; path = Facebook_ui_cloneApp.swift; sourceTree = "<group>"; };
		6A95498526F8D75400F5DF4E /* ContentView.swift */ = {isa = PBXFileReference; lastKnownFileType = sourcecode.swift; path = ContentView.swift; sourceTree = "<group>"; };
		6A95498726F8D75700F5DF4E /* Assets.xcassets */ = {isa = PBXFileReference; lastKnownFileType = folder.assetcatalog; path = Assets.xcassets; sourceTree = "<group>"; };
		6A95498A26F8D75700F5DF4E /* Preview Assets.xcassets */ = {isa = PBXFileReference; lastKnownFileType = folder.assetcatalog; path = "Preview Assets.xcassets"; sourceTree = "<group>"; };
		6A95498C26F8D75700F5DF4E /* Info.plist */ = {isa = PBXFileReference; lastKnownFileType = text.plist.xml; path = Info.plist; sourceTree = "<group>"; };
		6A95499326F8F23900F5DF4E /* StorieCard.swift */ = {isa = PBXFileReference; lastKnownFileType = sourcecode.swift; path = StorieCard.swift; sourceTree = "<group>"; };
		6A95499526F8F35000F5DF4E /* Stories.swift */ = {isa = PBXFileReference; lastKnownFileType = sourcecode.swift; path = Stories.swift; sourceTree = "<group>"; };
		6A95499726F9067300F5DF4E /* AddStorieRow.swift */ = {isa = PBXFileReference; lastKnownFileType = sourcecode.swift; path = AddStorieRow.swift; sourceTree = "<group>"; };
		6A95499926F907D600F5DF4E /* Home.swift */ = {isa = PBXFileReference; lastKnownFileType = sourcecode.swift; path = Home.swift; sourceTree = "<group>"; };
		6A95499B26F90BA200F5DF4E /* Header.swift */ = {isa = PBXFileReference; lastKnownFileType = sourcecode.swift; path = Header.swift; sourceTree = "<group>"; };
		6A95499D26F90E4400F5DF4E /* AddPostBar.swift */ = {isa = PBXFileReference; lastKnownFileType = sourcecode.swift; path = AddPostBar.swift; sourceTree = "<group>"; };
		6A95499F26F91F2900F5DF4E /* PostCard.swift */ = {isa = PBXFileReference; lastKnownFileType = sourcecode.swift; path = PostCard.swift; sourceTree = "<group>"; };
/* End PBXFileReference section */

/* Begin PBXFrameworksBuildPhase section */
		6A95497D26F8D75400F5DF4E /* Frameworks */ = {
			isa = PBXFrameworksBuildPhase;
			buildActionMask = 2147483647;
			files = (
			);
			runOnlyForDeploymentPostprocessing = 0;
		};
/* End PBXFrameworksBuildPhase section */

/* Begin PBXGroup section */
		6A95497726F8D75400F5DF4E = {
			isa = PBXGroup;
			children = (
				6A95498226F8D75400F5DF4E /* Facebook ui clone */,
				6A95498126F8D75400F5DF4E /* Products */,
			);
			sourceTree = "<group>";
		};
		6A95498126F8D75400F5DF4E /* Products */ = {
			isa = PBXGroup;
			children = (
				6A95498026F8D75400F5DF4E /* Facebook ui clone.app */,
			);
			name = Products;
			sourceTree = "<group>";
		};
		6A95498226F8D75400F5DF4E /* Facebook ui clone */ = {
			isa = PBXGroup;
			children = (
				6A95499226F8F22700F5DF4E /* View */,
				6A95498326F8D75400F5DF4E /* Facebook_ui_cloneApp.swift */,
				6A95498526F8D75400F5DF4E /* ContentView.swift */,
				6A95498726F8D75700F5DF4E /* Assets.xcassets */,
				6A95498C26F8D75700F5DF4E /* Info.plist */,
				6A95498926F8D75700F5DF4E /* Preview Content */,
			);
			path = "Facebook ui clone";
			sourceTree = "<group>";
		};
		6A95498926F8D75700F5DF4E /* Preview Content */ = {
			isa = PBXGroup;
			children = (
				6A95498A26F8D75700F5DF4E /* Preview Assets.xcassets */,
			);
			path = "Preview Content";
			sourceTree = "<group>";
		};
		6A95499226F8F22700F5DF4E /* View */ = {
			isa = PBXGroup;
			children = (
				6A95499326F8F23900F5DF4E /* StorieCard.swift */,
				6A95499526F8F35000F5DF4E /* Stories.swift */,
				6A95499726F9067300F5DF4E /* AddStorieRow.swift */,
				6A95499926F907D600F5DF4E /* Home.swift */,
				6A95499B26F90BA200F5DF4E /* Header.swift */,
				6A95499D26F90E4400F5DF4E /* AddPostBar.swift */,
				6A95499F26F91F2900F5DF4E /* PostCard.swift */,
			);
			path = View;
			sourceTree = "<group>";
		};
/* End PBXGroup section */

/* Begin PBXNativeTarget section */
		6A95497F26F8D75400F5DF4E /* Facebook ui clone */ = {
			isa = PBXNativeTarget;
			buildConfigurationList = 6A95498F26F8D75700F5DF4E /* Build configuration list for PBXNativeTarget "Facebook ui clone" */;
			buildPhases = (
				6A95497C26F8D75400F5DF4E /* Sources */,
				6A95497D26F8D75400F5DF4E /* Frameworks */,
				6A95497E26F8D75400F5DF4E /* Resources */,
			);
			buildRules = (
			);
			dependencies = (
			);
			name = "Facebook ui clone";
			productName = "Facebook ui clone";
			productReference = 6A95498026F8D75400F5DF4E /* Facebook ui clone.app */;
			productType = "com.apple.product-type.application";
		};
/* End PBXNativeTarget section */

/* Begin PBXProject section */
		6A95497826F8D75400F5DF4E /* Project object */ = {
			isa = PBXProject;
			attributes = {
				LastSwiftUpdateCheck = 1250;
				LastUpgradeCheck = 1250;
				TargetAttributes = {
					6A95497F26F8D75400F5DF4E = {
						CreatedOnToolsVersion = 12.5.1;
					};
				};
			};
			buildConfigurationList = 6A95497B26F8D75400F5DF4E /* Build configuration list for PBXProject "Facebook ui clone" */;
			compatibilityVersion = "Xcode 9.3";
			developmentRegion = en;
			hasScannedForEncodings = 0;
			knownRegions = (
				en,
				Base,
			);
			mainGroup = 6A95497726F8D75400F5DF4E;
			productRefGroup = 6A95498126F8D75400F5DF4E /* Products */;
			projectDirPath = "";
			projectRoot = "";
			targets = (
				6A95497F26F8D75400F5DF4E /* Facebook ui clone */,
			);
		};
/* End PBXProject section */

/* Begin PBXResourcesBuildPhase section */
		6A95497E26F8D75400F5DF4E /* Resources */ = {
			isa = PBXResourcesBuildPhase;
			buildActionMask = 2147483647;
			files = (
				6A95498B26F8D75700F5DF4E /* Preview Assets.xcassets in Resources */,
				6A95498826F8D75700F5DF4E /* Assets.xcassets in Resources */,
			);
			runOnlyForDeploymentPostprocessing = 0;
		};
/* End PBXResourcesBuildPhase section */

/* Begin PBXSourcesBuildPhase section */
		6A95497C26F8D75400F5DF4E /* Sources */ = {
			isa = PBXSourcesBuildPhase;
			buildActionMask = 2147483647;
			files = (
				6A95499826F9067300F5DF4E /* AddStorieRow.swift in Sources */,
				6A95498626F8D75400F5DF4E /* ContentView.swift in Sources */,
				6A95499626F8F35000F5DF4E /* Stories.swift in Sources */,
				6A95499C26F90BA200F5DF4E /* Header.swift in Sources */,
				6A9549A026F91F2900F5DF4E /* PostCard.swift in Sources */,
				6A95499426F8F23900F5DF4E /* StorieCard.swift in Sources */,
				6A95499A26F907D600F5DF4E /* Home.swift in Sources */,
				6A95498426F8D75400F5DF4E /* Facebook_ui_cloneApp.swift in Sources */,
				6A95499E26F90E4500F5DF4E /* AddPostBar.swift in Sources */,
			);
			runOnlyForDeploymentPostprocessing = 0;
		};
/* End PBXSourcesBuildPhase section */

/* Begin XCBuildConfiguration section */
		6A95498D26F8D75700F5DF4E /* Debug */ = {
			isa = XCBuildConfiguration;
			buildSettings = {
				ALWAYS_SEARCH_USER_PATHS = NO;
				CLANG_ANALYZER_NONNULL = YES;
				CLANG_ANALYZER_NUMBER_OBJECT_CONVERSION = YES_AGGRESSIVE;
				CLANG_CXX_LANGUAGE_STANDARD = "gnu++14";
				CLANG_CXX_LIBRARY = "libc++";
				CLANG_ENABLE_MODULES = YES;
				CLANG_ENABLE_OBJC_ARC = YES;
				CLANG_ENABLE_OBJC_WEAK = YES;
				CLANG_WARN_BLOCK_CAPTURE_AUTORELEASING = YES;
				CLANG_WARN_BOOL_CONVERSION = YES;
				CLANG_WARN_COMMA = YES;
				CLANG_WARN_CONSTANT_CONVERSION = YES;
				CLANG_WARN_DEPRECATED_OBJC_IMPLEMENTATIONS = YES;
				CLANG_WARN_DIRECT_OBJC_ISA_USAGE = YES_ERROR;
				CLANG_WARN_DOCUMENTATION_COMMENTS = YES;
				CLANG_WARN_EMPTY_BODY = YES;
				CLANG_WARN_ENUM_CONVERSION = YES;
				CLANG_WARN_INFINITE_RECURSION = YES;
				CLANG_WARN_INT_CONVERSION = YES;
				CLANG_WARN_NON_LITERAL_NULL_CONVERSION = YES;
				CLANG_WARN_OBJC_IMPLICIT_RETAIN_SELF = YES;
				CLANG_WARN_OBJC_LITERAL_CONVERSION = YES;
				CLANG_WARN_OBJC_ROOT_CLASS = YES_ERROR;
				CLANG_WARN_QUOTED_INCLUDE_IN_FRAMEWORK_HEADER = YES;
				CLANG_WARN_RANGE_LOOP_ANALYSIS = YES;
				CLANG_WARN_STRICT_PROTOTYPES = YES;
				CLANG_WARN_SUSPICIOUS_MOVE = YES;
				CLANG_WARN_UNGUARDED_AVAILABILITY = YES_AGGRESSIVE;
				CLANG_WARN_UNREACHABLE_CODE = YES;
				CLANG_WARN__DUPLICATE_METHOD_MATCH = YES;
				COPY_PHASE_STRIP = NO;
				DEBUG_INFORMATION_FORMAT = dwarf;
				ENABLE_STRICT_OBJC_MSGSEND = YES;
				ENABLE_TESTABILITY = YES;
				GCC_C_LANGUAGE_STANDARD = gnu11;
				GCC_DYNAMIC_NO_PIC = NO;
				GCC_NO_COMMON_BLOCKS = YES;
				GCC_OPTIMIZATION_LEVEL = 0;
				GCC_PREPROCESSOR_DEFINITIONS = (
					"DEBUG=1",
					"$(inherited)",
				);
				GCC_WARN_64_TO_32_BIT_CONVERSION = YES;
				GCC_WARN_ABOUT_RETURN_TYPE = YES_ERROR;
				GCC_WARN_UNDECLARED_SELECTOR = YES;
				GCC_WARN_UNINITIALIZED_AUTOS = YES_AGGRESSIVE;
				GCC_WARN_UNUSED_FUNCTION = YES;
				GCC_WARN_UNUSED_VARIABLE = YES;
				IPHONEOS_DEPLOYMENT_TARGET = 14.5;
				MTL_ENABLE_DEBUG_INFO = INCLUDE_SOURCE;
				MTL_FAST_MATH = YES;
				ONLY_ACTIVE_ARCH = YES;
				SDKROOT = iphoneos;
				SWIFT_ACTIVE_COMPILATION_CONDITIONS = DEBUG;
				SWIFT_OPTIMIZATION_LEVEL = "-Onone";
			};
			name = Debug;
		};
		6A95498E26F8D75700F5DF4E /* Release */ = {
			isa = XCBuildConfiguration;
			buildSettings = {
				ALWAYS_SEARCH_USER_PATHS = NO;
				CLANG_ANALYZER_NONNULL = YES;
				CLANG_ANALYZER_NUMBER_OBJECT_CONVERSION = YES_AGGRESSIVE;
				CLANG_CXX_LANGUAGE_STANDARD = "gnu++14";
				CLANG_CXX_LIBRARY = "libc++";
				CLANG_ENABLE_MODULES = YES;
				CLANG_ENABLE_OBJC_ARC = YES;
				CLANG_ENABLE_OBJC_WEAK = YES;
				CLANG_WARN_BLOCK_CAPTURE_AUTORELEASING = YES;
				CLANG_WARN_BOOL_CONVERSION = YES;
				CLANG_WARN_COMMA = YES;
				CLANG_WARN_CONSTANT_CONVERSION = YES;
				CLANG_WARN_DEPRECATED_OBJC_IMPLEMENTATIONS = YES;
				CLANG_WARN_DIRECT_OBJC_ISA_USAGE = YES_ERROR;
				CLANG_WARN_DOCUMENTATION_COMMENTS = YES;
				CLANG_WARN_EMPTY_BODY = YES;
				CLANG_WARN_ENUM_CONVERSION = YES;
				CLANG_WARN_INFINITE_RECURSION = YES;
				CLANG_WARN_INT_CONVERSION = YES;
				CLANG_WARN_NON_LITERAL_NULL_CONVERSION = YES;
				CLANG_WARN_OBJC_IMPLICIT_RETAIN_SELF = YES;
				CLANG_WARN_OBJC_LITERAL_CONVERSION = YES;
				CLANG_WARN_OBJC_ROOT_CLASS = YES_ERROR;
				CLANG_WARN_QUOTED_INCLUDE_IN_FRAMEWORK_HEADER = YES;
				CLANG_WARN_RANGE_LOOP_ANALYSIS = YES;
				CLANG_WARN_STRICT_PROTOTYPES = YES;
				CLANG_WARN_SUSPICIOUS_MOVE = YES;
				CLANG_WARN_UNGUARDED_AVAILABILITY = YES_AGGRESSIVE;
				CLANG_WARN_UNREACHABLE_CODE = YES;
				CLANG_WARN__DUPLICATE_METHOD_MATCH = YES;
				COPY_PHASE_STRIP = NO;
				DEBUG_INFORMATION_FORMAT = "dwarf-with-dsym";
				ENABLE_NS_ASSERTIONS = NO;
				ENABLE_STRICT_OBJC_MSGSEND = YES;
				GCC_C_LANGUAGE_STANDARD = gnu11;
				GCC_NO_COMMON_BLOCKS = YES;
				GCC_WARN_64_TO_32_BIT_CONVERSION = YES;
				GCC_WARN_ABOUT_RETURN_TYPE = YES_ERROR;
				GCC_WARN_UNDECLARED_SELECTOR = YES;
				GCC_WARN_UNINITIALIZED_AUTOS = YES_AGGRESSIVE;
				GCC_WARN_UNUSED_FUNCTION = YES;
				GCC_WARN_UNUSED_VARIABLE = YES;
				IPHONEOS_DEPLOYMENT_TARGET = 14.5;
				MTL_ENABLE_DEBUG_INFO = NO;
				MTL_FAST_MATH = YES;
				SDKROOT = iphoneos;
				SWIFT_COMPILATION_MODE = wholemodule;
				SWIFT_OPTIMIZATION_LEVEL = "-O";
				VALIDATE_PRODUCT = YES;
			};
			name = Release;
		};
		6A95499026F8D75700F5DF4E /* Debug */ = {
			isa = XCBuildConfiguration;
			buildSettings = {
				ASSETCATALOG_COMPILER_APPICON_NAME = AppIcon;
				ASSETCATALOG_COMPILER_GLOBAL_ACCENT_COLOR_NAME = AccentColor;
				CODE_SIGN_STYLE = Automatic;
				DEVELOPMENT_ASSET_PATHS = "\"Facebook ui clone/Preview Content\"";
				DEVELOPMENT_TEAM = 8783BQXMA7;
				ENABLE_PREVIEWS = YES;
				INFOPLIST_FILE = "Facebook ui clone/Info.plist";
				IPHONEOS_DEPLOYMENT_TARGET = 14.0;
				LD_RUNPATH_SEARCH_PATHS = (
					"$(inherited)",
					"@executable_path/Frameworks",
				);
				PRODUCT_BUNDLE_IDENTIFIER = "com.ilies.ios.Facebook-ui-clone";
				PRODUCT_NAME = "$(TARGET_NAME)";
				SWIFT_VERSION = 5.0;
				TARGETED_DEVICE_FAMILY = "1,2";
			};
			name = Debug;
		};
		6A95499126F8D75700F5DF4E /* Release */ = {
			isa = XCBuildConfiguration;
			buildSettings = {
				ASSETCATALOG_COMPILER_APPICON_NAME = AppIcon;
				ASSETCATALOG_COMPILER_GLOBAL_ACCENT_COLOR_NAME = AccentColor;
				CODE_SIGN_STYLE = Automatic;
				DEVELOPMENT_ASSET_PATHS = "\"Facebook ui clone/Preview Content\"";
				DEVELOPMENT_TEAM = 8783BQXMA7;
				ENABLE_PREVIEWS = YES;
				INFOPLIST_FILE = "Facebook ui clone/Info.plist";
				IPHONEOS_DEPLOYMENT_TARGET = 14.0;
				LD_RUNPATH_SEARCH_PATHS = (
					"$(inherited)",
					"@executable_path/Frameworks",
				);
				PRODUCT_BUNDLE_IDENTIFIER = "com.ilies.ios.Facebook-ui-clone";
				PRODUCT_NAME = "$(TARGET_NAME)";
				SWIFT_VERSION = 5.0;
				TARGETED_DEVICE_FAMILY = "1,2";
			};
			name = Release;
		};
/* End XCBuildConfiguration section */

/* Begin XCConfigurationList section */
		6A95497B26F8D75400F5DF4E /* Build configuration list for PBXProject "Facebook ui clone" */ = {
			isa = XCConfigurationList;
			buildConfigurations = (
				6A95498D26F8D75700F5DF4E /* Debug */,
				6A95498E26F8D75700F5DF4E /* Release */,
			);
			defaultConfigurationIsVisible = 0;
			defaultConfigurationName = Release;
		};
		6A95498F26F8D75700F5DF4E /* Build configuration list for PBXNativeTarget "Facebook ui clone" */ = {
			isa = XCConfigurationList;
			buildConfigurations = (
				6A95499026F8D75700F5DF4E /* Debug */,
				6A95499126F8D75700F5DF4E /* Release */,
			);
			defaultConfigurationIsVisible = 0;
			defaultConfigurationName = Release;
		};
/* End XCConfigurationList section */
	};
	rootObject = 6A95497826F8D75400F5DF4E /* Project object */;
}
